dependencies:
- name: postgresql
  repository: oci://registry-1.docker.io/bitnamicharts
  version: 15.2.12
- name: postgresql-ha
  repository: oci://registry-1.docker.io/bitnamicharts
  version: 14.0.10
- name: redis-cluster
  repository: oci://registry-1.docker.io/bitnamicharts
  version: 10.0.2
digest: sha256:596c6ba91686123896bcbc19560b18b09a30a02a1687fb367b1b505da3423840
generated: "2024-05-11T00:41:12.268020959Z"
